[{<<"eunit_formatters">>,
  {git,"git://github.com/seancribbs/eunit_formatters",
       {ref,"6818dc14fe5d90d2561b1fa8ab8aea523a900128"}},
  0},
 {<<"jiffy">>,
  {git,"https://github.com/davisp/jiffy.git",
       {ref,"a7db72493d2288533afbb417d5c2e6f11db84639"}},
  0},
 {<<"meck">>,
  {git,"git@github.com:eproxus/meck.git",
       {ref,"c772db17a7c94e75d20688197f61538d63fe2ae9"}},
  0},
 {<<"websocket_client">>,
  {git,"https://github.com/jeremyong/websocket_client.git",
       {ref,"f6892c8b55004008ce2d52be7d98b156f3e34569"}},
  0}].
